
Microsoft Visual Studio Solution File, Format Version 12.00
# Visual Studio 2013
VisualStudioVersion = 12.0.21005.1
MinimumVisualStudioVersion = 10.0.40219.1
Project("{FAE04EC0-301F-11D3-BF4B-00C04F79EFBC}") = "TrabalhoG2", "TrabalhoG2\TrabalhoG2.csproj", "{6C83B30A-754D-4F05-A957-4AF0504FF066}"
EndProject
Project("{FAE04EC0-301F-11D3-BF4B-00C04F79EFBC}") = "Repository", "Repository\Repository.csproj", "{164A2BE6-0505-43A9-B4C1-4FE6E4B1DA0A}"
EndProject
Project("{FAE04EC0-301F-11D3-BF4B-00C04F79EFBC}") = "Data", "Data\Data.csproj", "{24C44561-3C82-4554-9542-28FC190114EB}"
EndProject
Project("{FAE04EC0-301F-11D3-BF4B-00C04F79EFBC}") = "Conn", "Conn\Conn.csproj", "{F0DE31C1-1DFB-4ED5-B911-AE0E23B972F7}"
EndProject
Project("{2150E333-8FDC-42A3-9474-1A3956D46DE8}") = "Banco de Dados", "Banco de Dados", "{C696C7F7-0A32-4E91-9DC2-A6D9D962B6FE}"
	ProjectSection(SolutionItems) = preProject
		..\..\..\Desktop\BD_Atenda.sql = ..\..\..\Desktop\BD_Atenda.sql
	EndProjectSection
EndProject
Global
	GlobalSection(SolutionConfigurationPlatforms) = preSolution
		Debug|Any CPU = Debug|Any CPU
		Release|Any CPU = Release|Any CPU
	EndGlobalSection
	GlobalSection(ProjectConfigurationPlatforms) = postSolution
		{6C83B30A-754D-4F05-A957-4AF0504FF066}.Debug|Any CPU.ActiveCfg = Debug|Any CPU
		{6C83B30A-754D-4F05-A957-4AF0504FF066}.Debug|Any CPU.Build.0 = Debug|Any CPU
		{6C83B30A-754D-4F05-A957-4AF0504FF066}.Release|Any CPU.ActiveCfg = Release|Any CPU
		{6C83B30A-754D-4F05-A957-4AF0504FF066}.Release|Any CPU.Build.0 = Release|Any CPU
		{164A2BE6-0505-43A9-B4C1-4FE6E4B1DA0A}.Debug|Any CPU.ActiveCfg = Debug|Any CPU
		{164A2BE6-0505-43A9-B4C1-4FE6E4B1DA0A}.Debug|Any CPU.Build.0 = Debug|Any CPU
		{164A2BE6-0505-43A9-B4C1-4FE6E4B1DA0A}.Release|Any CPU.ActiveCfg = Release|Any CPU
		{164A2BE6-0505-43A9-B4C1-4FE6E4B1DA0A}.Release|Any CPU.Build.0 = Release|Any CPU
		{24C44561-3C82-4554-9542-28FC190114EB}.Debug|Any CPU.ActiveCfg = Debug|Any CPU
		{24C44561-3C82-4554-9542-28FC190114EB}.Debug|Any CPU.Build.0 = Debug|Any CPU
		{24C44561-3C82-4554-9542-28FC190114EB}.Release|Any CPU.ActiveCfg = Release|Any CPU
		{24C44561-3C82-4554-9542-28FC190114EB}.Release|Any CPU.Build.0 = Release|Any CPU
		{F0DE31C1-1DFB-4ED5-B911-AE0E23B972F7}.Debug|Any CPU.ActiveCfg = Debug|Any CPU
		{F0DE31C1-1DFB-4ED5-B911-AE0E23B972F7}.Debug|Any CPU.Build.0 = Debug|Any CPU
		{F0DE31C1-1DFB-4ED5-B911-AE0E23B972F7}.Release|Any CPU.ActiveCfg = Release|Any CPU
		{F0DE31C1-1DFB-4ED5-B911-AE0E23B972F7}.Release|Any CPU.Build.0 = Release|Any CPU
	EndGlobalSection
	GlobalSection(SolutionProperties) = preSolution
		HideSolutionNode = FALSE
	EndGlobalSection
EndGlobal
